// !$*UTF8*$!
{
	archiveVersion = 1;
	classes = {
	};
	objectVersion = 50;
	objects = {

/* Begin PBXBuildFile section */
		DBEB91CB2092700300256F9E /* AppDelegate.swift in Sources */ = {isa = PBXBuildFile; fileRef = DBEB91CA2092700300256F9E /* AppDelegate.swift */; };
		DBEB91CD2092700300256F9E /* ViewController.swift in Sources */ = {isa = PBXBuildFile; fileRef = DBEB91CC2092700300256F9E /* ViewController.swift */; };
		DBEB91D02092700300256F9E /* Main.storyboard in Resources */ = {isa = PBXBuildFile; fileRef = DBEB91CE2092700300256F9E /* Main.storyboard */; };
		DBEB91D22092700600256F9E /* Assets.xcassets in Resources */ = {isa = PBXBuildFile; fileRef = DBEB91D12092700600256F9E /* Assets.xcassets */; };
		DBEB91D52092700600256F9E /* LaunchScreen.storyboard in Resources */ = {isa = PBXBuildFile; fileRef = DBEB91D32092700600256F9E /* LaunchScreen.storyboard */; };
		EB755B31148D7764B060834B /* Pods_LayoutCollectionTeste.framework in Frameworks */ = {isa = PBXBuildFile; fileRef = FAF71DD232D3AC11FA4D01A6 /* Pods_LayoutCollectionTeste.framework */; };
/* End PBXBuildFile section */

/* Begin PBXFileReference section */
		8F8362CC742037E01F5B08B8 /* Pods-LayoutCollectionTeste.release.xcconfig */ = {isa = PBXFileReference; includeInIndex = 1; lastKnownFileType = text.xcconfig; name = "Pods-LayoutCollectionTeste.release.xcconfig"; path = "Pods/Target Support Files/Pods-LayoutCollectionTeste/Pods-LayoutCollectionTeste.release.xcconfig"; sourceTree = "<group>"; };
		A0B79B6BEE14AFE199C48182 /* Pods-LayoutCollectionTeste.debug.xcconfig */ = {isa = PBXFileReference; includeInIndex = 1; lastKnownFileType = text.xcconfig; name = "Pods-LayoutCollectionTeste.debug.xcconfig"; path = "Pods/Target Support Files/Pods-LayoutCollectionTeste/Pods-LayoutCollectionTeste.debug.xcconfig"; sourceTree = "<group>"; };
		DBEB91C72092700300256F9E /* LayoutCollectionTeste.app */ = {isa = PBXFileReference; explicitFileType = wrapper.application; includeInIndex = 0; path = LayoutCollectionTeste.app; sourceTree = BUILT_PRODUCTS_DIR; };
		DBEB91CA2092700300256F9E /* AppDelegate.swift */ = {isa = PBXFileReference; lastKnownFileType = sourcecode.swift; path = AppDelegate.swift; sourceTree = "<group>"; };
		DBEB91CC2092700300256F9E /* ViewController.swift */ = {isa = PBXFileReference; lastKnownFileType = sourcecode.swift; path = ViewController.swift; sourceTree = "<group>"; };
		DBEB91CF2092700300256F9E /* Base */ = {isa = PBXFileReference; lastKnownFileType = file.storyboard; name = Base; path = Base.lproj/Main.storyboard; sourceTree = "<group>"; };
		DBEB91D12092700600256F9E /* Assets.xcassets */ = {isa = PBXFileReference; lastKnownFileType = folder.assetcatalog; path = Assets.xcassets; sourceTree = "<group>"; };
		DBEB91D42092700600256F9E /* Base */ = {isa = PBXFileReference; lastKnownFileType = file.storyboard; name = Base; path = Base.lproj/LaunchScreen.storyboard; sourceTree = "<group>"; };
		DBEB91D62092700600256F9E /* Info.plist */ = {isa = PBXFileReference; lastKnownFileType = text.plist.xml; path = Info.plist; sourceTree = "<group>"; };
		FAF71DD232D3AC11FA4D01A6 /* Pods_LayoutCollectionTeste.framework */ = {isa = PBXFileReference; explicitFileType = wrapper.framework; includeInIndex = 0; path = Pods_LayoutCollectionTeste.framework; sourceTree = BUILT_PRODUCTS_DIR; };
/* End PBXFileReference section */

/* Begin PBXFrameworksBuildPhase section */
		DBEB91C42092700300256F9E /* Frameworks */ = {
			isa = PBXFrameworksBuildPhase;
			buildActionMask = 2147483647;
			files = (
				EB755B31148D7764B060834B /* Pods_LayoutCollectionTeste.framework in Frameworks */,
			);
			runOnlyForDeploymentPostprocessing = 0;
		};
/* End PBXFrameworksBuildPhase section */

/* Begin PBXGroup section */
		1D2E8F9AC0010C3CC0319AD3 /* Frameworks */ = {
			isa = PBXGroup;
			children = (
				FAF71DD232D3AC11FA4D01A6 /* Pods_LayoutCollectionTeste.framework */,
			);
			name = Frameworks;
			sourceTree = "<group>";
		};
		67719C962D014501CE607A76 /* Pods */ = {
			isa = PBXGroup;
			children = (
				A0B79B6BEE14AFE199C48182 /* Pods-LayoutCollectionTeste.debug.xcconfig */,
				8F8362CC742037E01F5B08B8 /* Pods-LayoutCollectionTeste.release.xcconfig */,
			);
			name = Pods;
			sourceTree = "<group>";
		};
		DBEB91BE2092700300256F9E = {
			isa = PBXGroup;
			children = (
				DBEB91C92092700300256F9E /* LayoutCollectionTeste */,
				DBEB91C82092700300256F9E /* Products */,
				67719C962D014501CE607A76 /* Pods */,
				1D2E8F9AC0010C3CC0319AD3 /* Frameworks */,
			);
			sourceTree = "<group>";
		};
		DBEB91C82092700300256F9E /* Products */ = {
			isa = PBXGroup;
			children = (
				DBEB91C72092700300256F9E /* LayoutCollectionTeste.app */,
			);
			name = Products;
			sourceTree = "<group>";
		};
		DBEB91C92092700300256F9E /* LayoutCollectionTeste */ = {
			isa = PBXGroup;
			children = (
				DBEB91CA2092700300256F9E /* AppDelegate.swift */,
				DBEB91CC2092700300256F9E /* ViewController.swift */,
				DBEB91CE2092700300256F9E /* Main.storyboard */,
				DBEB91D12092700600256F9E /* Assets.xcassets */,
				DBEB91D32092700600256F9E /* LaunchScreen.storyboard */,
				DBEB91D62092700600256F9E /* Info.plist */,
			);
			path = LayoutCollectionTeste;
			sourceTree = "<group>";
		};
/* End PBXGroup section */

/* Begin PBXNativeTarget section */
		DBEB91C62092700300256F9E /* LayoutCollectionTeste */ = {
			isa = PBXNativeTarget;
			buildConfigurationList = DBEB91D92092700600256F9E /* Build configuration list for PBXNativeTarget "LayoutCollectionTeste" */;
			buildPhases = (
				89A2ACA77B11BF540B3360D8 /* [CP] Check Pods Manifest.lock */,
				DBEB91C32092700300256F9E /* Sources */,
				DBEB91C42092700300256F9E /* Frameworks */,
				DBEB91C52092700300256F9E /* Resources */,
				03E63CD8F9DCB7E49DF64467 /* [CP] Embed Pods Frameworks */,
			);
			buildRules = (
			);
			dependencies = (
			);
			name = LayoutCollectionTeste;
			productName = LayoutCollectionTeste;
			productReference = DBEB91C72092700300256F9E /* LayoutCollectionTeste.app */;
			productType = "com.apple.product-type.application";
		};
/* End PBXNativeTarget section */

/* Begin PBXProject section */
		DBEB91BF2092700300256F9E /* Project object */ = {
			isa = PBXProject;
			attributes = {
				LastSwiftUpdateCheck = 0930;
				LastUpgradeCheck = 0930;
				ORGANIZATIONNAME = "Francisco Soares";
				TargetAttributes = {
					DBEB91C62092700300256F9E = {
						CreatedOnToolsVersion = 9.3;
					};
				};
			};
			buildConfigurationList = DBEB91C22092700300256F9E /* Build configuration list for PBXProject "LayoutCollectionTeste" */;
			compatibilityVersion = "Xcode 9.3";
			developmentRegion = en;
			hasScannedForEncodings = 0;
			knownRegions = (
				en,
				Base,
			);
			mainGroup = DBEB91BE2092700300256F9E;
			productRefGroup = DBEB91C82092700300256F9E /* Products */;
			projectDirPath = "";
			projectRoot = "";
			targets = (
				DBEB91C62092700300256F9E /* LayoutCollectionTeste */,
			);
		};
/* End PBXProject section */

/* Begin PBXResourcesBuildPhase section */
		DBEB91C52092700300256F9E /* Resources */ = {
			isa = PBXResourcesBuildPhase;
			buildActionMask = 2147483647;
			files = (
				DBEB91D52092700600256F9E /* LaunchScreen.storyboard in Resources */,
				DBEB91D22092700600256F9E /* Assets.xcassets in Resources */,
				DBEB91D02092700300256F9E /* Main.storyboard in Resources */,
			);
			runOnlyForDeploymentPostprocessing = 0;
		};
/* End PBXResourcesBuildPhase section */

/* Begin PBXShellScriptBuildPhase section */
		03E63CD8F9DCB7E49DF64467 /* [CP] Embed Pods Frameworks */ = {
			isa = PBXShellScriptBuildPhase;
			buildActionMask = 2147483647;
			files = (
			);
			inputPaths = (
				"${SRCROOT}/Pods/Target Support Files/Pods-LayoutCollectionTeste/Pods-LayoutCollectionTeste-frameworks.sh",
				"${BUILT_PRODUCTS_DIR}/PBJHexagon/PBJHexagon.framework",
			);
			name = "[CP] Embed Pods Frameworks";
			outputPaths = (
				"${TARGET_BUILD_DIR}/${FRAMEWORKS_FOLDER_PATH}/PBJHexagon.framework",
			);
			runOnlyForDeploymentPostprocessing = 0;
			shellPath = /bin/sh;
			shellScript = "\"${SRCROOT}/Pods/Target Support Files/Pods-LayoutCollectionTeste/Pods-LayoutCollectionTeste-frameworks.sh\"\n";
			showEnvVarsInLog = 0;
		};
		89A2ACA77B11BF540B3360D8 /* [CP] Check Pods Manifest.lock */ = {
			isa = PBXShellScriptBuildPhase;
			buildActionMask = 2147483647;
			files = (
			);
			inputPaths = (
				"${PODS_PODFILE_DIR_PATH}/Podfile.lock",
				"${PODS_ROOT}/Manifest.lock",
			);
			name = "[CP] Check Pods Manifest.lock";
			outputPaths = (
				"$(DERIVED_FILE_DIR)/Pods-LayoutCollectionTeste-checkManifestLockResult.txt",
			);
			runOnlyForDeploymentPostprocessing = 0;
			shellPath = /bin/sh;
			shellScript = "diff \"${PODS_PODFILE_DIR_PATH}/Podfile.lock\" \"${PODS_ROOT}/Manifest.lock\" > /dev/null\nif [ $? != 0 ] ; then\n    # print error to STDERR\n    echo \"error: The sandbox is not in sync with the Podfile.lock. Run 'pod install' or update your CocoaPods installation.\" >&2\n    exit 1\nfi\n# This output is used by Xcode 'outputs' to avoid re-running this script phase.\necho \"SUCCESS\" > \"${SCRIPT_OUTPUT_FILE_0}\"\n";
			showEnvVarsInLog = 0;
		};
/* End PBXShellScriptBuildPhase section */

/* Begin PBXSourcesBuildPhase section */
		DBEB91C32092700300256F9E /* Sources */ = {
			isa = PBXSourcesBuildPhase;
			buildActionMask = 2147483647;
			files = (
				DBEB91CD2092700300256F9E /* ViewController.swift in Sources */,
				DBEB91CB2092700300256F9E /* AppDelegate.swift in Sources */,
			);
			runOnlyForDeploymentPostprocessing = 0;
		};
/* End PBXSourcesBuildPhase section */

/* Begin PBXVariantGroup section */
		DBEB91CE2092700300256F9E /* Main.storyboard */ = {
			isa = PBXVariantGroup;
			children = (
				DBEB91CF2092700300256F9E /* Base */,
			);
			name = Main.storyboard;
			sourceTree = "<group>";
		};
		DBEB91D32092700600256F9E /* LaunchScreen.storyboard */ = {
			isa = PBXVariantGroup;
			children = (
				DBEB91D42092700600256F9E /* Base */,
			);
			name = LaunchScreen.storyboard;
			sourceTree = "<group>";
		};
/* End PBXVariantGroup section */

/* Begin XCBuildConfiguration section */
		DBEB91D72092700600256F9E /* Debug */ = {
			isa = XCBuildConfiguration;
			buildSettings = {
				ALWAYS_SEARCH_USER_PATHS = NO;
				CLANG_ANALYZER_NONNULL = YES;
				CLANG_ANALYZER_NUMBER_OBJECT_CONVERSION = YES_AGGRESSIVE;
				CLANG_CXX_LANGUAGE_STANDARD = "gnu++14";
				CLANG_CXX_LIBRARY = "libc++";
				CLANG_ENABLE_MODULES = YES;
				CLANG_ENABLE_OBJC_ARC = YES;
				CLANG_ENABLE_OBJC_WEAK = YES;
				CLANG_WARN_BLOCK_CAPTURE_AUTORELEASING = YES;
				CLANG_WARN_BOOL_CONVERSION = YES;
				CLANG_WARN_COMMA = YES;
				CLANG_WARN_CONSTANT_CONVERSION = YES;
				CLANG_WARN_DEPRECATED_OBJC_IMPLEMENTATIONS = YES;
				CLANG_WARN_DIRECT_OBJC_ISA_USAGE = YES_ERROR;
				CLANG_WARN_DOCUMENTATION_COMMENTS = YES;
				CLANG_WARN_EMPTY_BODY = YES;
				CLANG_WARN_ENUM_CONVERSION = YES;
				CLANG_WARN_INFINITE_RECURSION = YES;
				CLANG_WARN_INT_CONVERSION = YES;
				CLANG_WARN_NON_LITERAL_NULL_CONVERSION = YES;
				CLANG_WARN_OBJC_IMPLICIT_RETAIN_SELF = YES;
				CLANG_WARN_OBJC_LITERAL_CONVERSION = YES;
				CLANG_WARN_OBJC_ROOT_CLASS = YES_ERROR;
				CLANG_WARN_RANGE_LOOP_ANALYSIS = YES;
				CLANG_WARN_STRICT_PROTOTYPES = YES;
				CLANG_WARN_SUSPICIOUS_MOVE = YES;
				CLANG_WARN_UNGUARDED_AVAILABILITY = YES_AGGRESSIVE;
				CLANG_WARN_UNREACHABLE_CODE = YES;
				CLANG_WARN__DUPLICATE_METHOD_MATCH = YES;
				CODE_SIGN_IDENTITY = "iPhone Developer";
				COPY_PHASE_STRIP = NO;
				DEBUG_INFORMATION_FORMAT = dwarf;
				ENABLE_STRICT_OBJC_MSGSEND = YES;
				ENABLE_TESTABILITY = YES;
				GCC_C_LANGUAGE_STANDARD = gnu11;
				GCC_DYNAMIC_NO_PIC = NO;
				GCC_NO_COMMON_BLOCKS = YES;
				GCC_OPTIMIZATION_LEVEL = 0;
				GCC_PREPROCESSOR_DEFINITIONS = (
					"DEBUG=1",
					"$(inherited)",
				);
				GCC_WARN_64_TO_32_BIT_CONVERSION = YES;
				GCC_WARN_ABOUT_RETURN_TYPE = YES_ERROR;
				GCC_WARN_UNDECLARED_SELECTOR = YES;
				GCC_WARN_UNINITIALIZED_AUTOS = YES_AGGRESSIVE;
				GCC_WARN_UNUSED_FUNCTION = YES;
				GCC_WARN_UNUSED_VARIABLE = YES;
				IPHONEOS_DEPLOYMENT_TARGET = 11.3;
				MTL_ENABLE_DEBUG_INFO = YES;
				ONLY_ACTIVE_ARCH = YES;
				SDKROOT = iphoneos;
				SWIFT_ACTIVE_COMPILATION_CONDITIONS = DEBUG;
				SWIFT_OPTIMIZATION_LEVEL = "-Onone";
			};
			name = Debug;
		};
		DBEB91D82092700600256F9E /* Release */ = {
			isa = XCBuildConfiguration;
			buildSettings = {
				ALWAYS_SEARCH_USER_PATHS = NO;
				CLANG_ANALYZER_NONNULL = YES;
				CLANG_ANALYZER_NUMBER_OBJECT_CONVERSION = YES_AGGRESSIVE;
				CLANG_CXX_LANGUAGE_STANDARD = "gnu++14";
				CLANG_CXX_LIBRARY = "libc++";
				CLANG_ENABLE_MODULES = YES;
				CLANG_ENABLE_OBJC_ARC = YES;
				CLANG_ENABLE_OBJC_WEAK = YES;
				CLANG_WARN_BLOCK_CAPTURE_AUTORELEASING = YES;
				CLANG_WARN_BOOL_CONVERSION = YES;
				CLANG_WARN_COMMA = YES;
				CLANG_WARN_CONSTANT_CONVERSION = YES;
				CLANG_WARN_DEPRECATED_OBJC_IMPLEMENTATIONS = YES;
				CLANG_WARN_DIRECT_OBJC_ISA_USAGE = YES_ERROR;
				CLANG_WARN_DOCUMENTATION_COMMENTS = YES;
				CLANG_WARN_EMPTY_BODY = YES;
				CLANG_WARN_ENUM_CONVERSION = YES;
				CLANG_WARN_INFINITE_RECURSION = YES;
				CLANG_WARN_INT_CONVERSION = YES;
				CLANG_WARN_NON_LITERAL_NULL_CONVERSION = YES;
				CLANG_WARN_OBJC_IMPLICIT_RETAIN_SELF = YES;
				CLANG_WARN_OBJC_LITERAL_CONVERSION = YES;
				CLANG_WARN_OBJC_ROOT_CLASS = YES_ERROR;
				CLANG_WARN_RANGE_LOOP_ANALYSIS = YES;
				CLANG_WARN_STRICT_PROTOTYPES = YES;
				CLANG_WARN_SUSPICIOUS_MOVE = YES;
				CLANG_WARN_UNGUARDED_AVAILABILITY = YES_AGGRESSIVE;
				CLANG_WARN_UNREACHABLE_CODE = YES;
				CLANG_WARN__DUPLICATE_METHOD_MATCH = YES;
				CODE_SIGN_IDENTITY = "iPhone Developer";
				COPY_PHASE_STRIP = NO;
				DEBUG_INFORMATION_FORMAT = "dwarf-with-dsym";
				ENABLE_NS_ASSERTIONS = NO;
				ENABLE_STRICT_OBJC_MSGSEND = YES;
				GCC_C_LANGUAGE_STANDARD = gnu11;
				GCC_NO_COMMON_BLOCKS = YES;
				GCC_WARN_64_TO_32_BIT_CONVERSION = YES;
				GCC_WARN_ABOUT_RETURN_TYPE = YES_ERROR;
				GCC_WARN_UNDECLARED_SELECTOR = YES;
				GCC_WARN_UNINITIALIZED_AUTOS = YES_AGGRESSIVE;
				GCC_WARN_UNUSED_FUNCTION = YES;
				GCC_WARN_UNUSED_VARIABLE = YES;
				IPHONEOS_DEPLOYMENT_TARGET = 11.3;
				MTL_ENABLE_DEBUG_INFO = NO;
				SDKROOT = iphoneos;
				SWIFT_COMPILATION_MODE = wholemodule;
				SWIFT_OPTIMIZATION_LEVEL = "-O";
				VALIDATE_PRODUCT = YES;
			};
			name = Release;
		};
		DBEB91DA2092700600256F9E /* Debug */ = {
			isa = XCBuildConfiguration;
			baseConfigurationReference = A0B79B6BEE14AFE199C48182 /* Pods-LayoutCollectionTeste.debug.xcconfig */;
			buildSettings = {
				ASSETCATALOG_COMPILER_APPICON_NAME = AppIcon;
				CODE_SIGN_STYLE = Automatic;
				DEVELOPMENT_TEAM = 3AMBC8TS93;
				INFOPLIST_FILE = LayoutCollectionTeste/Info.plist;
				LD_RUNPATH_SEARCH_PATHS = "$(inherited) @executable_path/Frameworks";
				PRODUCT_BUNDLE_IDENTIFIER = br.ufpe.cin.fmssn.LayoutCollectionTeste;
				PRODUCT_NAME = "$(TARGET_NAME)";
				SWIFT_VERSION = 4.0;
				TARGETED_DEVICE_FAMILY = "1,2";
			};
			name = Debug;
		};
		DBEB91DB2092700600256F9E /* Release */ = {
			isa = XCBuildConfiguration;
			baseConfigurationReference = 8F8362CC742037E01F5B08B8 /* Pods-LayoutCollectionTeste.release.xcconfig */;
			buildSettings = {
				ASSETCATALOG_COMPILER_APPICON_NAME = AppIcon;
				CODE_SIGN_STYLE = Automatic;
				DEVELOPMENT_TEAM = 3AMBC8TS93;
				INFOPLIST_FILE = LayoutCollectionTeste/Info.plist;
				LD_RUNPATH_SEARCH_PATHS = "$(inherited) @executable_path/Frameworks";
				PRODUCT_BUNDLE_IDENTIFIER = br.ufpe.cin.fmssn.LayoutCollectionTeste;
				PRODUCT_NAME = "$(TARGET_NAME)";
				SWIFT_VERSION = 4.0;
				TARGETED_DEVICE_FAMILY = "1,2";
			};
			name = Release;
		};
/* End XCBuildConfiguration section */

/* Begin XCConfigurationList section */
		DBEB91C22092700300256F9E /* Build configuration list for PBXProject "LayoutCollectionTeste" */ = {
			isa = XCConfigurationList;
			buildConfigurations = (
				DBEB91D72092700600256F9E /* Debug */,
				DBEB91D82092700600256F9E /* Release */,
			);
			defaultConfigurationIsVisible = 0;
			defaultConfigurationName = Release;
		};
		DBEB91D92092700600256F9E /* Build configuration list for PBXNativeTarget "LayoutCollectionTeste" */ = {
			isa = XCConfigurationList;
			buildConfigurations = (
				DBEB91DA2092700600256F9E /* Debug */,
				DBEB91DB2092700600256F9E /* Release */,
			);
			defaultConfigurationIsVisible = 0;
			defaultConfigurationName = Release;
		};
/* End XCConfigurationList section */
	};
	rootObject = DBEB91BF2092700300256F9E /* Project object */;
}
